
Microsoft Visual Studio Solution File, Format Version 12.00
# Visual Studio Version 17
VisualStudioVersion = 17.5.33502.453
MinimumVisualStudioVersion = 10.0.40219.1
Project("{FAE04EC0-301F-11D3-BF4B-00C04F79EFBC}") = "IBX_Utilities", "IBX_Utilities.csproj", "{120040D6-27BE-4066-8BD9-CB94257763A0}"
EndProject
Global
	GlobalSection(SolutionConfigurationPlatforms) = preSolution
		Debug|Any CPU = Debug|Any CPU
		Release|Any CPU = Release|Any CPU
	EndGlobalSection
	GlobalSection(ProjectConfigurationPlatforms) = postSolution
		{120040D6-27BE-4066-8BD9-CB94257763A0}.Debug|Any CPU.ActiveCfg = Debug|Any CPU
		{120040D6-27BE-4066-8BD9-CB94257763A0}.Debug|Any CPU.Build.0 = Debug|Any CPU
		{120040D6-27BE-4066-8BD9-CB94257763A0}.Release|Any CPU.ActiveCfg = Release|Any CPU
		{120040D6-27BE-4066-8BD9-CB94257763A0}.Release|Any CPU.Build.0 = Release|Any CPU
	EndGlobalSection
	GlobalSection(SolutionProperties) = preSolution
		HideSolutionNode = FALSE
	EndGlobalSection
	GlobalSection(ExtensibilityGlobals) = postSolution
		SolutionGuid = {B5DC131A-DC69-444D-9D48-8C312179238E}
	EndGlobalSection
EndGlobal
